
Microsoft Visual Studio Solution File, Format Version 12.00
# Visual Studio Version 17
VisualStudioVersion = 17.13.35806.99 d17.13
MinimumVisualStudioVersion = 10.0.40219.1
Project("{FAE04EC0-301F-11D3-BF4B-00C04F79EFBC}") = "система частиц", "система частиц.csproj", "{F3954DD6-124B-404F-9C6B-B242574E572E}"
EndProject
Global
	GlobalSection(SolutionConfigurationPlatforms) = preSolution
		Debug|Any CPU = Debug|Any CPU
		Release|Any CPU = Release|Any CPU
	EndGlobalSection
	GlobalSection(ProjectConfigurationPlatforms) = postSolution
		{F3954DD6-124B-404F-9C6B-B242574E572E}.Debug|Any CPU.ActiveCfg = Debug|Any CPU
		{F3954DD6-124B-404F-9C6B-B242574E572E}.Debug|Any CPU.Build.0 = Debug|Any CPU
		{F3954DD6-124B-404F-9C6B-B242574E572E}.Release|Any CPU.ActiveCfg = Release|Any CPU
		{F3954DD6-124B-404F-9C6B-B242574E572E}.Release|Any CPU.Build.0 = Release|Any CPU
	EndGlobalSection
	GlobalSection(SolutionProperties) = preSolution
		HideSolutionNode = FALSE
	EndGlobalSection
	GlobalSection(ExtensibilityGlobals) = postSolution
		SolutionGuid = {3C29BBA2-B14E-4A8C-9D56-0CDF7DE2CC48}
	EndGlobalSection
EndGlobal
